
Microsoft Visual Studio Solution File, Format Version 12.00
# Visual Studio 15
VisualStudioVersion = 15.0.27130.2027
MinimumVisualStudioVersion = 10.0.40219.1
Project("{9A19103F-16F7-4668-BE54-9A1E7A4F7556}") = "ImmutableDotNet", "src\ImmutableDotNet\ImmutableDotNet.csproj", "{679FEE54-EDAF-4488-8294-AD2382E3F95E}"
EndProject
Project("{9A19103F-16F7-4668-BE54-9A1E7A4F7556}") = "ImmutableDotNet.Tests", "tests\ImmutableDotNet.Tests\ImmutableDotNet.Tests.csproj", "{41A06B08-EB6D-4BC5-98FA-D9140E71AF68}"
EndProject
Project("{2150E333-8FDC-42A3-9474-1A3956D46DE8}") = "src", "src", "{4D6D9D2E-3B27-4586-810B-FB301B12758E}"
EndProject
Project("{2150E333-8FDC-42A3-9474-1A3956D46DE8}") = "tests", "tests", "{AF9B8EF8-2467-4958-B31B-FDA287A761CF}"
EndProject
Project("{FAE04EC0-301F-11D3-BF4B-00C04F79EFBC}") = "ImmutableDotNet.Serialization.Newtonsoft", "src\ImmutableDotNet.Serialization.Newtonsoft\ImmutableDotNet.Serialization.Newtonsoft.csproj", "{E6F79654-C141-4685-AFD8-3FF471D3F0DB}"
EndProject
Global
	GlobalSection(SolutionConfigurationPlatforms) = preSolution
		Debug|Any CPU = Debug|Any CPU
		Release|Any CPU = Release|Any CPU
	EndGlobalSection
	GlobalSection(ProjectConfigurationPlatforms) = postSolution
		{679FEE54-EDAF-4488-8294-AD2382E3F95E}.Debug|Any CPU.ActiveCfg = Debug|Any CPU
		{679FEE54-EDAF-4488-8294-AD2382E3F95E}.Debug|Any CPU.Build.0 = Debug|Any CPU
		{679FEE54-EDAF-4488-8294-AD2382E3F95E}.Release|Any CPU.ActiveCfg = Release|Any CPU
		{679FEE54-EDAF-4488-8294-AD2382E3F95E}.Release|Any CPU.Build.0 = Release|Any CPU
		{41A06B08-EB6D-4BC5-98FA-D9140E71AF68}.Debug|Any CPU.ActiveCfg = Debug|Any CPU
		{41A06B08-EB6D-4BC5-98FA-D9140E71AF68}.Debug|Any CPU.Build.0 = Debug|Any CPU
		{41A06B08-EB6D-4BC5-98FA-D9140E71AF68}.Release|Any CPU.ActiveCfg = Release|Any CPU
		{41A06B08-EB6D-4BC5-98FA-D9140E71AF68}.Release|Any CPU.Build.0 = Release|Any CPU
		{E6F79654-C141-4685-AFD8-3FF471D3F0DB}.Debug|Any CPU.ActiveCfg = Debug|Any CPU
		{E6F79654-C141-4685-AFD8-3FF471D3F0DB}.Debug|Any CPU.Build.0 = Debug|Any CPU
		{E6F79654-C141-4685-AFD8-3FF471D3F0DB}.Release|Any CPU.ActiveCfg = Release|Any CPU
		{E6F79654-C141-4685-AFD8-3FF471D3F0DB}.Release|Any CPU.Build.0 = Release|Any CPU
	EndGlobalSection
	GlobalSection(SolutionProperties) = preSolution
		HideSolutionNode = FALSE
	EndGlobalSection
	GlobalSection(NestedProjects) = preSolution
		{679FEE54-EDAF-4488-8294-AD2382E3F95E} = {4D6D9D2E-3B27-4586-810B-FB301B12758E}
		{41A06B08-EB6D-4BC5-98FA-D9140E71AF68} = {AF9B8EF8-2467-4958-B31B-FDA287A761CF}
		{E6F79654-C141-4685-AFD8-3FF471D3F0DB} = {4D6D9D2E-3B27-4586-810B-FB301B12758E}
	EndGlobalSection
	GlobalSection(ExtensibilityGlobals) = postSolution
		SolutionGuid = {20E16992-BA5B-49C9-96BB-3D1456EEC3DB}
	EndGlobalSection
EndGlobal
