
Microsoft Visual Studio Solution File, Format Version 12.00
# Visual Studio 2013
VisualStudioVersion = 12.0.30501.0
MinimumVisualStudioVersion = 10.0.40219.1
Project("{FAE04EC0-301F-11D3-BF4B-00C04F79EFBC}") = "Immutable.Net", "Immutable.Net\Immutable.Net.csproj", "{53A1F8FD-4989-4AAF-935C-7848D2437F73}"
EndProject
Project("{FAE04EC0-301F-11D3-BF4B-00C04F79EFBC}") = "Immutable.Net.Tests", "Immutable.Net.Tests\Immutable.Net.Tests.csproj", "{83100052-964C-4637-88E3-2ED37861F0D4}"
EndProject
Global
	GlobalSection(SolutionConfigurationPlatforms) = preSolution
		Debug|Any CPU = Debug|Any CPU
		Release|Any CPU = Release|Any CPU
	EndGlobalSection
	GlobalSection(ProjectConfigurationPlatforms) = postSolution
		{53A1F8FD-4989-4AAF-935C-7848D2437F73}.Debug|Any CPU.ActiveCfg = Debug|Any CPU
		{53A1F8FD-4989-4AAF-935C-7848D2437F73}.Debug|Any CPU.Build.0 = Debug|Any CPU
		{53A1F8FD-4989-4AAF-935C-7848D2437F73}.Release|Any CPU.ActiveCfg = Release|Any CPU
		{53A1F8FD-4989-4AAF-935C-7848D2437F73}.Release|Any CPU.Build.0 = Release|Any CPU
		{83100052-964C-4637-88E3-2ED37861F0D4}.Debug|Any CPU.ActiveCfg = Debug|Any CPU
		{83100052-964C-4637-88E3-2ED37861F0D4}.Debug|Any CPU.Build.0 = Debug|Any CPU
		{83100052-964C-4637-88E3-2ED37861F0D4}.Release|Any CPU.ActiveCfg = Release|Any CPU
		{83100052-964C-4637-88E3-2ED37861F0D4}.Release|Any CPU.Build.0 = Release|Any CPU
	EndGlobalSection
	GlobalSection(SolutionProperties) = preSolution
		HideSolutionNode = FALSE
	EndGlobalSection
EndGlobal
